// !$*UTF8*$!
{
	archiveVersion = 1;
	classes = {
	};
	objectVersion = 56;
	objects = {

/* Begin PBXBuildFile section */
		A57B96E22B82840000CB68BB /* PullToRefreshSampleApp.swift in Sources */ = {isa = PBXBuildFile; fileRef = A57B96E12B82840000CB68BB /* PullToRefreshSampleApp.swift */; };
		A57B96E42B82840000CB68BB /* ContentView.swift in Sources */ = {isa = PBXBuildFile; fileRef = A57B96E32B82840000CB68BB /* ContentView.swift */; };
		A57B96E62B82840200CB68BB /* Assets.xcassets in Resources */ = {isa = PBXBuildFile; fileRef = A57B96E52B82840200CB68BB /* Assets.xcassets */; };
		A57B96E92B82840200CB68BB /* Preview Assets.xcassets in Resources */ = {isa = PBXBuildFile; fileRef = A57B96E82B82840200CB68BB /* Preview Assets.xcassets */; };
		A57B96F32B82840200CB68BB /* PullToRefreshSampleTests.swift in Sources */ = {isa = PBXBuildFile; fileRef = A57B96F22B82840200CB68BB /* PullToRefreshSampleTests.swift */; };
		A57B96FD2B82840200CB68BB /* PullToRefreshSampleUITests.swift in Sources */ = {isa = PBXBuildFile; fileRef = A57B96FC2B82840200CB68BB /* PullToRefreshSampleUITests.swift */; };
		A57B96FF2B82840200CB68BB /* PullToRefreshSampleUITestsLaunchTests.swift in Sources */ = {isa = PBXBuildFile; fileRef = A57B96FE2B82840200CB68BB /* PullToRefreshSampleUITestsLaunchTests.swift */; };
/* End PBXBuildFile section */

/* Begin PBXContainerItemProxy section */
		A57B96EF2B82840200CB68BB /* PBXContainerItemProxy */ = {
			isa = PBXContainerItemProxy;
			containerPortal = A57B96D62B82840000CB68BB /* Project object */;
			proxyType = 1;
			remoteGlobalIDString = A57B96DD2B82840000CB68BB;
			remoteInfo = PullToRefreshSample;
		};
		A57B96F92B82840200CB68BB /* PBXContainerItemProxy */ = {
			isa = PBXContainerItemProxy;
			containerPortal = A57B96D62B82840000CB68BB /* Project object */;
			proxyType = 1;
			remoteGlobalIDString = A57B96DD2B82840000CB68BB;
			remoteInfo = PullToRefreshSample;
		};
/* End PBXContainerItemProxy section */

/* Begin PBXFileReference section */
		A57B96DE2B82840000CB68BB /* PullToRefreshSample.app */ = {isa = PBXFileReference; explicitFileType = wrapper.application; includeInIndex = 0; path = PullToRefreshSample.app; sourceTree = BUILT_PRODUCTS_DIR; };
		A57B96E12B82840000CB68BB /* PullToRefreshSampleApp.swift */ = {isa = PBXFileReference; lastKnownFileType = sourcecode.swift; path = PullToRefreshSampleApp.swift; sourceTree = "<group>"; };
		A57B96E32B82840000CB68BB /* ContentView.swift */ = {isa = PBXFileReference; lastKnownFileType = sourcecode.swift; path = ContentView.swift; sourceTree = "<group>"; };
		A57B96E52B82840200CB68BB /* Assets.xcassets */ = {isa = PBXFileReference; lastKnownFileType = folder.assetcatalog; path = Assets.xcassets; sourceTree = "<group>"; };
		A57B96E82B82840200CB68BB /* Preview Assets.xcassets */ = {isa = PBXFileReference; lastKnownFileType = folder.assetcatalog; path = "Preview Assets.xcassets"; sourceTree = "<group>"; };
		A57B96EE2B82840200CB68BB /* PullToRefreshSampleTests.xctest */ = {isa = PBXFileReference; explicitFileType = wrapper.cfbundle; includeInIndex = 0; path = PullToRefreshSampleTests.xctest; sourceTree = BUILT_PRODUCTS_DIR; };
		A57B96F22B82840200CB68BB /* PullToRefreshSampleTests.swift */ = {isa = PBXFileReference; lastKnownFileType = sourcecode.swift; path = PullToRefreshSampleTests.swift; sourceTree = "<group>"; };
		A57B96F82B82840200CB68BB /* PullToRefreshSampleUITests.xctest */ = {isa = PBXFileReference; explicitFileType = wrapper.cfbundle; includeInIndex = 0; path = PullToRefreshSampleUITests.xctest; sourceTree = BUILT_PRODUCTS_DIR; };
		A57B96FC2B82840200CB68BB /* PullToRefreshSampleUITests.swift */ = {isa = PBXFileReference; lastKnownFileType = sourcecode.swift; path = PullToRefreshSampleUITests.swift; sourceTree = "<group>"; };
		A57B96FE2B82840200CB68BB /* PullToRefreshSampleUITestsLaunchTests.swift */ = {isa = PBXFileReference; lastKnownFileType = sourcecode.swift; path = PullToRefreshSampleUITestsLaunchTests.swift; sourceTree = "<group>"; };
		A5EC40CE2B828BA10029422C /* PullToRefreshSwiftUI */ = {isa = PBXFileReference; lastKnownFileType = wrapper; name = PullToRefreshSwiftUI; path = ../..; sourceTree = "<group>"; };
/* End PBXFileReference section */

/* Begin PBXFrameworksBuildPhase section */
		A57B96DB2B82840000CB68BB /* Frameworks */ = {
			isa = PBXFrameworksBuildPhase;
			buildActionMask = 2147483647;
			files = (
			);
			runOnlyForDeploymentPostprocessing = 0;
		};
		A57B96EB2B82840200CB68BB /* Frameworks */ = {
			isa = PBXFrameworksBuildPhase;
			buildActionMask = 2147483647;
			files = (
			);
			runOnlyForDeploymentPostprocessing = 0;
		};
		A57B96F52B82840200CB68BB /* Frameworks */ = {
			isa = PBXFrameworksBuildPhase;
			buildActionMask = 2147483647;
			files = (
			);
			runOnlyForDeploymentPostprocessing = 0;
		};
/* End PBXFrameworksBuildPhase section */

/* Begin PBXGroup section */
		A57B96D52B82840000CB68BB = {
			isa = PBXGroup;
			children = (
				A5EC40CE2B828BA10029422C /* PullToRefreshSwiftUI */,
				A57B96E02B82840000CB68BB /* PullToRefreshSample */,
				A57B96F12B82840200CB68BB /* PullToRefreshSampleTests */,
				A57B96FB2B82840200CB68BB /* PullToRefreshSampleUITests */,
				A57B96DF2B82840000CB68BB /* Products */,
			);
			sourceTree = "<group>";
		};
		A57B96DF2B82840000CB68BB /* Products */ = {
			isa = PBXGroup;
			children = (
				A57B96DE2B82840000CB68BB /* PullToRefreshSample.app */,
				A57B96EE2B82840200CB68BB /* PullToRefreshSampleTests.xctest */,
				A57B96F82B82840200CB68BB /* PullToRefreshSampleUITests.xctest */,
			);
			name = Products;
			sourceTree = "<group>";
		};
		A57B96E02B82840000CB68BB /* PullToRefreshSample */ = {
			isa = PBXGroup;
			children = (
				A57B96E12B82840000CB68BB /* PullToRefreshSampleApp.swift */,
				A57B96E32B82840000CB68BB /* ContentView.swift */,
				A57B96E52B82840200CB68BB /* Assets.xcassets */,
				A57B96E72B82840200CB68BB /* Preview Content */,
			);
			path = PullToRefreshSample;
			sourceTree = "<group>";
		};
		A57B96E72B82840200CB68BB /* Preview Content */ = {
			isa = PBXGroup;
			children = (
				A57B96E82B82840200CB68BB /* Preview Assets.xcassets */,
			);
			path = "Preview Content";
			sourceTree = "<group>";
		};
		A57B96F12B82840200CB68BB /* PullToRefreshSampleTests */ = {
			isa = PBXGroup;
			children = (
				A57B96F22B82840200CB68BB /* PullToRefreshSampleTests.swift */,
			);
			path = PullToRefreshSampleTests;
			sourceTree = "<group>";
		};
		A57B96FB2B82840200CB68BB /* PullToRefreshSampleUITests */ = {
			isa = PBXGroup;
			children = (
				A57B96FC2B82840200CB68BB /* PullToRefreshSampleUITests.swift */,
				A57B96FE2B82840200CB68BB /* PullToRefreshSampleUITestsLaunchTests.swift */,
			);
			path = PullToRefreshSampleUITests;
			sourceTree = "<group>";
		};
/* End PBXGroup section */

/* Begin PBXNativeTarget section */
		A57B96DD2B82840000CB68BB /* PullToRefreshSample */ = {
			isa = PBXNativeTarget;
			buildConfigurationList = A57B97022B82840200CB68BB /* Build configuration list for PBXNativeTarget "PullToRefreshSample" */;
			buildPhases = (
				A57B96DA2B82840000CB68BB /* Sources */,
				A57B96DB2B82840000CB68BB /* Frameworks */,
				A57B96DC2B82840000CB68BB /* Resources */,
			);
			buildRules = (
			);
			dependencies = (
			);
			name = PullToRefreshSample;
			productName = PullToRefreshSample;
			productReference = A57B96DE2B82840000CB68BB /* PullToRefreshSample.app */;
			productType = "com.apple.product-type.application";
		};
		A57B96ED2B82840200CB68BB /* PullToRefreshSampleTests */ = {
			isa = PBXNativeTarget;
			buildConfigurationList = A57B97052B82840200CB68BB /* Build configuration list for PBXNativeTarget "PullToRefreshSampleTests" */;
			buildPhases = (
				A57B96EA2B82840200CB68BB /* Sources */,
				A57B96EB2B82840200CB68BB /* Frameworks */,
				A57B96EC2B82840200CB68BB /* Resources */,
			);
			buildRules = (
			);
			dependencies = (
				A57B96F02B82840200CB68BB /* PBXTargetDependency */,
			);
			name = PullToRefreshSampleTests;
			productName = PullToRefreshSampleTests;
			productReference = A57B96EE2B82840200CB68BB /* PullToRefreshSampleTests.xctest */;
			productType = "com.apple.product-type.bundle.unit-test";
		};
		A57B96F72B82840200CB68BB /* PullToRefreshSampleUITests */ = {
			isa = PBXNativeTarget;
			buildConfigurationList = A57B97082B82840200CB68BB /* Build configuration list for PBXNativeTarget "PullToRefreshSampleUITests" */;
			buildPhases = (
				A57B96F42B82840200CB68BB /* Sources */,
				A57B96F52B82840200CB68BB /* Frameworks */,
				A57B96F62B82840200CB68BB /* Resources */,
			);
			buildRules = (
			);
			dependencies = (
				A57B96FA2B82840200CB68BB /* PBXTargetDependency */,
			);
			name = PullToRefreshSampleUITests;
			productName = PullToRefreshSampleUITests;
			productReference = A57B96F82B82840200CB68BB /* PullToRefreshSampleUITests.xctest */;
			productType = "com.apple.product-type.bundle.ui-testing";
		};
/* End PBXNativeTarget section */

/* Begin PBXProject section */
		A57B96D62B82840000CB68BB /* Project object */ = {
			isa = PBXProject;
			attributes = {
				BuildIndependentTargetsInParallel = 1;
				LastSwiftUpdateCheck = 1520;
				LastUpgradeCheck = 1520;
				TargetAttributes = {
					A57B96DD2B82840000CB68BB = {
						CreatedOnToolsVersion = 15.2;
					};
					A57B96ED2B82840200CB68BB = {
						CreatedOnToolsVersion = 15.2;
						TestTargetID = A57B96DD2B82840000CB68BB;
					};
					A57B96F72B82840200CB68BB = {
						CreatedOnToolsVersion = 15.2;
						TestTargetID = A57B96DD2B82840000CB68BB;
					};
				};
			};
			buildConfigurationList = A57B96D92B82840000CB68BB /* Build configuration list for PBXProject "PullToRefreshSample" */;
			compatibilityVersion = "Xcode 14.0";
			developmentRegion = en;
			hasScannedForEncodings = 0;
			knownRegions = (
				en,
				Base,
			);
			mainGroup = A57B96D52B82840000CB68BB;
			productRefGroup = A57B96DF2B82840000CB68BB /* Products */;
			projectDirPath = "";
			projectRoot = "";
			targets = (
				A57B96DD2B82840000CB68BB /* PullToRefreshSample */,
				A57B96ED2B82840200CB68BB /* PullToRefreshSampleTests */,
				A57B96F72B82840200CB68BB /* PullToRefreshSampleUITests */,
			);
		};
/* End PBXProject section */

/* Begin PBXResourcesBuildPhase section */
		A57B96DC2B82840000CB68BB /* Resources */ = {
			isa = PBXResourcesBuildPhase;
			buildActionMask = 2147483647;
			files = (
				A57B96E92B82840200CB68BB /* Preview Assets.xcassets in Resources */,
				A57B96E62B82840200CB68BB /* Assets.xcassets in Resources */,
			);
			runOnlyForDeploymentPostprocessing = 0;
		};
		A57B96EC2B82840200CB68BB /* Resources */ = {
			isa = PBXResourcesBuildPhase;
			buildActionMask = 2147483647;
			files = (
			);
			runOnlyForDeploymentPostprocessing = 0;
		};
		A57B96F62B82840200CB68BB /* Resources */ = {
			isa = PBXResourcesBuildPhase;
			buildActionMask = 2147483647;
			files = (
			);
			runOnlyForDeploymentPostprocessing = 0;
		};
/* End PBXResourcesBuildPhase section */

/* Begin PBXSourcesBuildPhase section */
		A57B96DA2B82840000CB68BB /* Sources */ = {
			isa = PBXSourcesBuildPhase;
			buildActionMask = 2147483647;
			files = (
				A57B96E42B82840000CB68BB /* ContentView.swift in Sources */,
				A57B96E22B82840000CB68BB /* PullToRefreshSampleApp.swift in Sources */,
			);
			runOnlyForDeploymentPostprocessing = 0;
		};
		A57B96EA2B82840200CB68BB /* Sources */ = {
			isa = PBXSourcesBuildPhase;
			buildActionMask = 2147483647;
			files = (
				A57B96F32B82840200CB68BB /* PullToRefreshSampleTests.swift in Sources */,
			);
			runOnlyForDeploymentPostprocessing = 0;
		};
		A57B96F42B82840200CB68BB /* Sources */ = {
			isa = PBXSourcesBuildPhase;
			buildActionMask = 2147483647;
			files = (
				A57B96FF2B82840200CB68BB /* PullToRefreshSampleUITestsLaunchTests.swift in Sources */,
				A57B96FD2B82840200CB68BB /* PullToRefreshSampleUITests.swift in Sources */,
			);
			runOnlyForDeploymentPostprocessing = 0;
		};
/* End PBXSourcesBuildPhase section */

/* Begin PBXTargetDependency section */
		A57B96F02B82840200CB68BB /* PBXTargetDependency */ = {
			isa = PBXTargetDependency;
			target = A57B96DD2B82840000CB68BB /* PullToRefreshSample */;
			targetProxy = A57B96EF2B82840200CB68BB /* PBXContainerItemProxy */;
		};
		A57B96FA2B82840200CB68BB /* PBXTargetDependency */ = {
			isa = PBXTargetDependency;
			target = A57B96DD2B82840000CB68BB /* PullToRefreshSample */;
			targetProxy = A57B96F92B82840200CB68BB /* PBXContainerItemProxy */;
		};
/* End PBXTargetDependency section */

/* Begin XCBuildConfiguration section */
		A57B97002B82840200CB68BB /* Debug */ = {
			isa = XCBuildConfiguration;
			buildSettings = {
				ALWAYS_SEARCH_USER_PATHS = NO;
				ASSETCATALOG_COMPILER_GENERATE_SWIFT_ASSET_SYMBOL_EXTENSIONS = YES;
				CLANG_ANALYZER_NONNULL = YES;
				CLANG_ANALYZER_NUMBER_OBJECT_CONVERSION = YES_AGGRESSIVE;
				CLANG_CXX_LANGUAGE_STANDARD = "gnu++20";
				CLANG_ENABLE_MODULES = YES;
				CLANG_ENABLE_OBJC_ARC = YES;
				CLANG_ENABLE_OBJC_WEAK = YES;
				CLANG_WARN_BLOCK_CAPTURE_AUTORELEASING = YES;
				CLANG_WARN_BOOL_CONVERSION = YES;
				CLANG_WARN_COMMA = YES;
				CLANG_WARN_CONSTANT_CONVERSION = YES;
				CLANG_WARN_DEPRECATED_OBJC_IMPLEMENTATIONS = YES;
				CLANG_WARN_DIRECT_OBJC_ISA_USAGE = YES_ERROR;
				CLANG_WARN_DOCUMENTATION_COMMENTS = YES;
				CLANG_WARN_EMPTY_BODY = YES;
				CLANG_WARN_ENUM_CONVERSION = YES;
				CLANG_WARN_INFINITE_RECURSION = YES;
				CLANG_WARN_INT_CONVERSION = YES;
				CLANG_WARN_NON_LITERAL_NULL_CONVERSION = YES;
				CLANG_WARN_OBJC_IMPLICIT_RETAIN_SELF = YES;
				CLANG_WARN_OBJC_LITERAL_CONVERSION = YES;
				CLANG_WARN_OBJC_ROOT_CLASS = YES_ERROR;
				CLANG_WARN_QUOTED_INCLUDE_IN_FRAMEWORK_HEADER = YES;
				CLANG_WARN_RANGE_LOOP_ANALYSIS = YES;
				CLANG_WARN_STRICT_PROTOTYPES = YES;
				CLANG_WARN_SUSPICIOUS_MOVE = YES;
				CLANG_WARN_UNGUARDED_AVAILABILITY = YES_AGGRESSIVE;
				CLANG_WARN_UNREACHABLE_CODE = YES;
				CLANG_WARN__DUPLICATE_METHOD_MATCH = YES;
				COPY_PHASE_STRIP = NO;
				DEBUG_INFORMATION_FORMAT = dwarf;
				ENABLE_STRICT_OBJC_MSGSEND = YES;
				ENABLE_TESTABILITY = YES;
				ENABLE_USER_SCRIPT_SANDBOXING = YES;
				GCC_C_LANGUAGE_STANDARD = gnu17;
				GCC_DYNAMIC_NO_PIC = NO;
				GCC_NO_COMMON_BLOCKS = YES;
				GCC_OPTIMIZATION_LEVEL = 0;
				GCC_PREPROCESSOR_DEFINITIONS = (
					"DEBUG=1",
					"$(inherited)",
				);
				GCC_WARN_64_TO_32_BIT_CONVERSION = YES;
				GCC_WARN_ABOUT_RETURN_TYPE = YES_ERROR;
				GCC_WARN_UNDECLARED_SELECTOR = YES;
				GCC_WARN_UNINITIALIZED_AUTOS = YES_AGGRESSIVE;
				GCC_WARN_UNUSED_FUNCTION = YES;
				GCC_WARN_UNUSED_VARIABLE = YES;
				IPHONEOS_DEPLOYMENT_TARGET = 17.2;
				LOCALIZATION_PREFERS_STRING_CATALOGS = YES;
				MTL_ENABLE_DEBUG_INFO = INCLUDE_SOURCE;
				MTL_FAST_MATH = YES;
				ONLY_ACTIVE_ARCH = YES;
				SDKROOT = iphoneos;
				SWIFT_ACTIVE_COMPILATION_CONDITIONS = "DEBUG $(inherited)";
				SWIFT_OPTIMIZATION_LEVEL = "-Onone";
			};
			name = Debug;
		};
		A57B97012B82840200CB68BB /* Release */ = {
			isa = XCBuildConfiguration;
			buildSettings = {
				ALWAYS_SEARCH_USER_PATHS = NO;
				ASSETCATALOG_COMPILER_GENERATE_SWIFT_ASSET_SYMBOL_EXTENSIONS = YES;
				CLANG_ANALYZER_NONNULL = YES;
				CLANG_ANALYZER_NUMBER_OBJECT_CONVERSION = YES_AGGRESSIVE;
				CLANG_CXX_LANGUAGE_STANDARD = "gnu++20";
				CLANG_ENABLE_MODULES = YES;
				CLANG_ENABLE_OBJC_ARC = YES;
				CLANG_ENABLE_OBJC_WEAK = YES;
				CLANG_WARN_BLOCK_CAPTURE_AUTORELEASING = YES;
				CLANG_WARN_BOOL_CONVERSION = YES;
				CLANG_WARN_COMMA = YES;
				CLANG_WARN_CONSTANT_CONVERSION = YES;
				CLANG_WARN_DEPRECATED_OBJC_IMPLEMENTATIONS = YES;
				CLANG_WARN_DIRECT_OBJC_ISA_USAGE = YES_ERROR;
				CLANG_WARN_DOCUMENTATION_COMMENTS = YES;
				CLANG_WARN_EMPTY_BODY = YES;
				CLANG_WARN_ENUM_CONVERSION = YES;
				CLANG_WARN_INFINITE_RECURSION = YES;
				CLANG_WARN_INT_CONVERSION = YES;
				CLANG_WARN_NON_LITERAL_NULL_CONVERSION = YES;
				CLANG_WARN_OBJC_IMPLICIT_RETAIN_SELF = YES;
				CLANG_WARN_OBJC_LITERAL_CONVERSION = YES;
				CLANG_WARN_OBJC_ROOT_CLASS = YES_ERROR;
				CLANG_WARN_QUOTED_INCLUDE_IN_FRAMEWORK_HEADER = YES;
				CLANG_WARN_RANGE_LOOP_ANALYSIS = YES;
				CLANG_WARN_STRICT_PROTOTYPES = YES;
				CLANG_WARN_SUSPICIOUS_MOVE = YES;
				CLANG_WARN_UNGUARDED_AVAILABILITY = YES_AGGRESSIVE;
				CLANG_WARN_UNREACHABLE_CODE = YES;
				CLANG_WARN__DUPLICATE_METHOD_MATCH = YES;
				COPY_PHASE_STRIP = NO;
				DEBUG_INFORMATION_FORMAT = "dwarf-with-dsym";
				ENABLE_NS_ASSERTIONS = NO;
				ENABLE_STRICT_OBJC_MSGSEND = YES;
				ENABLE_USER_SCRIPT_SANDBOXING = YES;
				GCC_C_LANGUAGE_STANDARD = gnu17;
				GCC_NO_COMMON_BLOCKS = YES;
				GCC_WARN_64_TO_32_BIT_CONVERSION = YES;
				GCC_WARN_ABOUT_RETURN_TYPE = YES_ERROR;
				GCC_WARN_UNDECLARED_SELECTOR = YES;
				GCC_WARN_UNINITIALIZED_AUTOS = YES_AGGRESSIVE;
				GCC_WARN_UNUSED_FUNCTION = YES;
				GCC_WARN_UNUSED_VARIABLE = YES;
				IPHONEOS_DEPLOYMENT_TARGET = 17.2;
				LOCALIZATION_PREFERS_STRING_CATALOGS = YES;
				MTL_ENABLE_DEBUG_INFO = NO;
				MTL_FAST_MATH = YES;
				SDKROOT = iphoneos;
				SWIFT_COMPILATION_MODE = wholemodule;
				VALIDATE_PRODUCT = YES;
			};
			name = Release;
		};
		A57B97032B82840200CB68BB /* Debug */ = {
			isa = XCBuildConfiguration;
			buildSettings = {
				ASSETCATALOG_COMPILER_APPICON_NAME = AppIcon;
				ASSETCATALOG_COMPILER_GLOBAL_ACCENT_COLOR_NAME = AccentColor;
				CODE_SIGN_STYLE = Automatic;
				CURRENT_PROJECT_VERSION = 1;
				DEVELOPMENT_ASSET_PATHS = "\"PullToRefreshSample/Preview Content\"";
				ENABLE_PREVIEWS = YES;
				INFOPLIST_KEY_UIApplicationSceneManifest_Generation = YES;
				INFOPLIST_KEY_UIApplicationSupportsIndirectInputEvents = YES;
				INFOPLIST_KEY_UILaunchScreen_Generation = YES;
				INFOPLIST_KEY_UISupportedInterfaceOrientations_iPad = "UIInterfaceOrientationPortrait UIInterfaceOrientationPortraitUpsideDown UIInterfaceOrientationLandscapeLeft UIInterfaceOrientationLandscapeRight";
				INFOPLIST_KEY_UISupportedInterfaceOrientations_iPhone = "UIInterfaceOrientationPortrait UIInterfaceOrientationLandscapeLeft UIInterfaceOrientationLandscapeRight";
				LD_RUNPATH_SEARCH_PATHS = (
					"$(inherited)",
					"@executable_path/Frameworks",
				);
				MARKETING_VERSION = 1.0;
				PRODUCT_BUNDLE_IDENTIFIER = Shakuro.PullToRefreshSample;
				PRODUCT_NAME = "$(TARGET_NAME)";
				SWIFT_EMIT_LOC_STRINGS = YES;
				SWIFT_VERSION = 5.0;
				TARGETED_DEVICE_FAMILY = "1,2";
			};
			name = Debug;
		};
		A57B97042B82840200CB68BB /* Release */ = {
			isa = XCBuildConfiguration;
			buildSettings = {
				ASSETCATALOG_COMPILER_APPICON_NAME = AppIcon;
				ASSETCATALOG_COMPILER_GLOBAL_ACCENT_COLOR_NAME = AccentColor;
				CODE_SIGN_STYLE = Automatic;
				CURRENT_PROJECT_VERSION = 1;
				DEVELOPMENT_ASSET_PATHS = "\"PullToRefreshSample/Preview Content\"";
				ENABLE_PREVIEWS = YES;
				INFOPLIST_KEY_UIApplicationSceneManifest_Generation = YES;
				INFOPLIST_KEY_UIApplicationSupportsIndirectInputEvents = YES;
				INFOPLIST_KEY_UILaunchScreen_Generation = YES;
				INFOPLIST_KEY_UISupportedInterfaceOrientations_iPad = "UIInterfaceOrientationPortrait UIInterfaceOrientationPortraitUpsideDown UIInterfaceOrientationLandscapeLeft UIInterfaceOrientationLandscapeRight";
				INFOPLIST_KEY_UISupportedInterfaceOrientations_iPhone = "UIInterfaceOrientationPortrait UIInterfaceOrientationLandscapeLeft UIInterfaceOrientationLandscapeRight";
				LD_RUNPATH_SEARCH_PATHS = (
					"$(inherited)",
					"@executable_path/Frameworks",
				);
				MARKETING_VERSION = 1.0;
				PRODUCT_BUNDLE_IDENTIFIER = Shakuro.PullToRefreshSample;
				PRODUCT_NAME = "$(TARGET_NAME)";
				SWIFT_EMIT_LOC_STRINGS = YES;
				SWIFT_VERSION = 5.0;
				TARGETED_DEVICE_FAMILY = "1,2";
			};
			name = Release;
		};
		A57B97062B82840200CB68BB /* Debug */ = {
			isa = XCBuildConfiguration;
			buildSettings = {
				ALWAYS_EMBED_SWIFT_STANDARD_LIBRARIES = YES;
				BUNDLE_LOADER = "$(TEST_HOST)";
				CODE_SIGN_STYLE = Automatic;
				CURRENT_PROJECT_VERSION = 1;
				GENERATE_INFOPLIST_FILE = YES;
				IPHONEOS_DEPLOYMENT_TARGET = 17.2;
				MARKETING_VERSION = 1.0;
				PRODUCT_BUNDLE_IDENTIFIER = Shakuro.PullToRefreshSampleTests;
				PRODUCT_NAME = "$(TARGET_NAME)";
				SWIFT_EMIT_LOC_STRINGS = NO;
				SWIFT_VERSION = 5.0;
				TARGETED_DEVICE_FAMILY = "1,2";
				TEST_HOST = "$(BUILT_PRODUCTS_DIR)/PullToRefreshSample.app/$(BUNDLE_EXECUTABLE_FOLDER_PATH)/PullToRefreshSample";
			};
			name = Debug;
		};
		A57B97072B82840200CB68BB /* Release */ = {
			isa = XCBuildConfiguration;
			buildSettings = {
				ALWAYS_EMBED_SWIFT_STANDARD_LIBRARIES = YES;
				BUNDLE_LOADER = "$(TEST_HOST)";
				CODE_SIGN_STYLE = Automatic;
				CURRENT_PROJECT_VERSION = 1;
				GENERATE_INFOPLIST_FILE = YES;
				IPHONEOS_DEPLOYMENT_TARGET = 17.2;
				MARKETING_VERSION = 1.0;
				PRODUCT_BUNDLE_IDENTIFIER = Shakuro.PullToRefreshSampleTests;
				PRODUCT_NAME = "$(TARGET_NAME)";
				SWIFT_EMIT_LOC_STRINGS = NO;
				SWIFT_VERSION = 5.0;
				TARGETED_DEVICE_FAMILY = "1,2";
				TEST_HOST = "$(BUILT_PRODUCTS_DIR)/PullToRefreshSample.app/$(BUNDLE_EXECUTABLE_FOLDER_PATH)/PullToRefreshSample";
			};
			name = Release;
		};
		A57B97092B82840200CB68BB /* Debug */ = {
			isa = XCBuildConfiguration;
			buildSettings = {
				ALWAYS_EMBED_SWIFT_STANDARD_LIBRARIES = YES;
				CODE_SIGN_STYLE = Automatic;
				CURRENT_PROJECT_VERSION = 1;
				GENERATE_INFOPLIST_FILE = YES;
				MARKETING_VERSION = 1.0;
				PRODUCT_BUNDLE_IDENTIFIER = Shakuro.PullToRefreshSampleUITests;
				PRODUCT_NAME = "$(TARGET_NAME)";
				SWIFT_EMIT_LOC_STRINGS = NO;
				SWIFT_VERSION = 5.0;
				TARGETED_DEVICE_FAMILY = "1,2";
				TEST_TARGET_NAME = PullToRefreshSample;
			};
			name = Debug;
		};
		A57B970A2B82840200CB68BB /* Release */ = {
			isa = XCBuildConfiguration;
			buildSettings = {
				ALWAYS_EMBED_SWIFT_STANDARD_LIBRARIES = YES;
				CODE_SIGN_STYLE = Automatic;
				CURRENT_PROJECT_VERSION = 1;
				GENERATE_INFOPLIST_FILE = YES;
				MARKETING_VERSION = 1.0;
				PRODUCT_BUNDLE_IDENTIFIER = Shakuro.PullToRefreshSampleUITests;
				PRODUCT_NAME = "$(TARGET_NAME)";
				SWIFT_EMIT_LOC_STRINGS = NO;
				SWIFT_VERSION = 5.0;
				TARGETED_DEVICE_FAMILY = "1,2";
				TEST_TARGET_NAME = PullToRefreshSample;
			};
			name = Release;
		};
/* End XCBuildConfiguration section */

/* Begin XCConfigurationList section */
		A57B96D92B82840000CB68BB /* Build configuration list for PBXProject "PullToRefreshSample" */ = {
			isa = XCConfigurationList;
			buildConfigurations = (
				A57B97002B82840200CB68BB /* Debug */,
				A57B97012B82840200CB68BB /* Release */,
			);
			defaultConfigurationIsVisible = 0;
			defaultConfigurationName = Release;
		};
		A57B97022B82840200CB68BB /* Build configuration list for PBXNativeTarget "PullToRefreshSample" */ = {
			isa = XCConfigurationList;
			buildConfigurations = (
				A57B97032B82840200CB68BB /* Debug */,
				A57B97042B82840200CB68BB /* Release */,
			);
			defaultConfigurationIsVisible = 0;
			defaultConfigurationName = Release;
		};
		A57B97052B82840200CB68BB /* Build configuration list for PBXNativeTarget "PullToRefreshSampleTests" */ = {
			isa = XCConfigurationList;
			buildConfigurations = (
				A57B97062B82840200CB68BB /* Debug */,
				A57B97072B82840200CB68BB /* Release */,
			);
			defaultConfigurationIsVisible = 0;
			defaultConfigurationName = Release;
		};
		A57B97082B82840200CB68BB /* Build configuration list for PBXNativeTarget "PullToRefreshSampleUITests" */ = {
			isa = XCConfigurationList;
			buildConfigurations = (
				A57B97092B82840200CB68BB /* Debug */,
				A57B970A2B82840200CB68BB /* Release */,
			);
			defaultConfigurationIsVisible = 0;
			defaultConfigurationName = Release;
		};
/* End XCConfigurationList section */
	};
	rootObject = A57B96D62B82840000CB68BB /* Project object */;
}
