// !$*UTF8*$!
{
	archiveVersion = 1;
	classes = {
	};
	objectVersion = 56;
	objects = {

/* Begin PBXBuildFile section */
		A51D6A4F2B83DE8000E44E19 /* PullToRefreshSampleApp.swift in Sources */ = {isa = PBXBuildFile; fileRef = A51D6A4E2B83DE8000E44E19 /* PullToRefreshSampleApp.swift */; };
		A51D6A612B83E0E800E44E19 /* Assets.xcassets in Resources */ = {isa = PBXBuildFile; fileRef = A51D6A5E2B83E0E800E44E19 /* Assets.xcassets */; };
		A51D6A622B83E0E800E44E19 /* Preview Assets.xcassets in Resources */ = {isa = PBXBuildFile; fileRef = A51D6A602B83E0E800E44E19 /* Preview Assets.xcassets */; };
		A54348322B84672600D1DDB0 /* ContentView.swift in Sources */ = {isa = PBXBuildFile; fileRef = A54348312B84672600D1DDB0 /* ContentView.swift */; };
		A56DF71D2B852C2C00477FBD /* PullToRefreshSwiftUI in Frameworks */ = {isa = PBXBuildFile; productRef = A56DF71C2B852C2C00477FBD /* PullToRefreshSwiftUI */; };
		A5BA6BAD2B870CEE00DAE39C /* ScrollContentView.swift in Sources */ = {isa = PBXBuildFile; fileRef = A5BA6BAC2B870CEE00DAE39C /* ScrollContentView.swift */; };
		A5BA6BAF2B870D0100DAE39C /* ListContentView.swift in Sources */ = {isa = PBXBuildFile; fileRef = A5BA6BAE2B870D0100DAE39C /* ListContentView.swift */; };
		A5DD89652B8867C600EF70A5 /* animation-refreshing-shakuro_logo.json in Resources */ = {isa = PBXBuildFile; fileRef = A5DD89632B8867C600EF70A5 /* animation-refreshing-shakuro_logo.json */; };
		A5DD89662B8867C600EF70A5 /* animation-pulling-shakuro_logo.json in Resources */ = {isa = PBXBuildFile; fileRef = A5DD89642B8867C600EF70A5 /* animation-pulling-shakuro_logo.json */; };
/* End PBXBuildFile section */

/* Begin PBXFileReference section */
		A51D6A4B2B83DE8000E44E19 /* PullToRefreshSample.app */ = {isa = PBXFileReference; explicitFileType = wrapper.application; includeInIndex = 0; path = PullToRefreshSample.app; sourceTree = BUILT_PRODUCTS_DIR; };
		A51D6A4E2B83DE8000E44E19 /* PullToRefreshSampleApp.swift */ = {isa = PBXFileReference; lastKnownFileType = sourcecode.swift; path = PullToRefreshSampleApp.swift; sourceTree = "<group>"; };
		A51D6A5C2B83DE9B00E44E19 /* PullToRefreshSwiftUI */ = {isa = PBXFileReference; lastKnownFileType = wrapper; name = PullToRefreshSwiftUI; path = ..; sourceTree = "<group>"; };
		A51D6A5E2B83E0E800E44E19 /* Assets.xcassets */ = {isa = PBXFileReference; lastKnownFileType = folder.assetcatalog; path = Assets.xcassets; sourceTree = "<group>"; };
		A51D6A602B83E0E800E44E19 /* Preview Assets.xcassets */ = {isa = PBXFileReference; lastKnownFileType = folder.assetcatalog; path = "Preview Assets.xcassets"; sourceTree = "<group>"; };
		A54348312B84672600D1DDB0 /* ContentView.swift */ = {isa = PBXFileReference; fileEncoding = 4; lastKnownFileType = sourcecode.swift; path = ContentView.swift; sourceTree = "<group>"; };
		A5BA6BAC2B870CEE00DAE39C /* ScrollContentView.swift */ = {isa = PBXFileReference; lastKnownFileType = sourcecode.swift; path = ScrollContentView.swift; sourceTree = "<group>"; };
		A5BA6BAE2B870D0100DAE39C /* ListContentView.swift */ = {isa = PBXFileReference; lastKnownFileType = sourcecode.swift; path = ListContentView.swift; sourceTree = "<group>"; };
		A5DD89632B8867C600EF70A5 /* animation-refreshing-shakuro_logo.json */ = {isa = PBXFileReference; fileEncoding = 4; lastKnownFileType = text.json; path = "animation-refreshing-shakuro_logo.json"; sourceTree = "<group>"; };
		A5DD89642B8867C600EF70A5 /* animation-pulling-shakuro_logo.json */ = {isa = PBXFileReference; fileEncoding = 4; lastKnownFileType = text.json; path = "animation-pulling-shakuro_logo.json"; sourceTree = "<group>"; };
/* End PBXFileReference section */

/* Begin PBXFrameworksBuildPhase section */
		A51D6A482B83DE8000E44E19 /* Frameworks */ = {
			isa = PBXFrameworksBuildPhase;
			buildActionMask = 2147483647;
			files = (
				A56DF71D2B852C2C00477FBD /* PullToRefreshSwiftUI in Frameworks */,
			);
			runOnlyForDeploymentPostprocessing = 0;
		};
/* End PBXFrameworksBuildPhase section */

/* Begin PBXGroup section */
		A51D6A422B83DE8000E44E19 = {
			isa = PBXGroup;
			children = (
				A51D6A5C2B83DE9B00E44E19 /* PullToRefreshSwiftUI */,
				A51D6A4D2B83DE8000E44E19 /* PullToRefreshSampleiOS */,
				A51D6A4C2B83DE8000E44E19 /* Products */,
				A56DF71B2B852C2C00477FBD /* Frameworks */,
			);
			sourceTree = "<group>";
		};
		A51D6A4C2B83DE8000E44E19 /* Products */ = {
			isa = PBXGroup;
			children = (
				A51D6A4B2B83DE8000E44E19 /* PullToRefreshSample.app */,
			);
			name = Products;
			sourceTree = "<group>";
		};
		A51D6A4D2B83DE8000E44E19 /* PullToRefreshSampleiOS */ = {
			isa = PBXGroup;
			children = (
				A543482F2B8466B100D1DDB0 /* Application */,
				A51D6A5D2B83E0E800E44E19 /* Resources */,
			);
			path = PullToRefreshSampleiOS;
			sourceTree = "<group>";
		};
		A51D6A5D2B83E0E800E44E19 /* Resources */ = {
			isa = PBXGroup;
			children = (
				A5DD89642B8867C600EF70A5 /* animation-pulling-shakuro_logo.json */,
				A5DD89632B8867C600EF70A5 /* animation-refreshing-shakuro_logo.json */,
				A51D6A5E2B83E0E800E44E19 /* Assets.xcassets */,
				A51D6A5F2B83E0E800E44E19 /* Preview Content */,
			);
			path = Resources;
			sourceTree = "<group>";
		};
		A51D6A5F2B83E0E800E44E19 /* Preview Content */ = {
			isa = PBXGroup;
			children = (
				A51D6A602B83E0E800E44E19 /* Preview Assets.xcassets */,
			);
			path = "Preview Content";
			sourceTree = "<group>";
		};
		A543482F2B8466B100D1DDB0 /* Application */ = {
			isa = PBXGroup;
			children = (
				A51D6A4E2B83DE8000E44E19 /* PullToRefreshSampleApp.swift */,
				A54348302B84672600D1DDB0 /* UI */,
			);
			name = Application;
			sourceTree = "<group>";
		};
		A54348302B84672600D1DDB0 /* UI */ = {
			isa = PBXGroup;
			children = (
				A54348312B84672600D1DDB0 /* ContentView.swift */,
				A5BA6BAC2B870CEE00DAE39C /* ScrollContentView.swift */,
				A5BA6BAE2B870D0100DAE39C /* ListContentView.swift */,
			);
			path = UI;
			sourceTree = "<group>";
		};
		A56DF71B2B852C2C00477FBD /* Frameworks */ = {
			isa = PBXGroup;
			children = (
			);
			name = Frameworks;
			sourceTree = "<group>";
		};
/* End PBXGroup section */

/* Begin PBXNativeTarget section */
		A51D6A4A2B83DE8000E44E19 /* PullToRefreshSample */ = {
			isa = PBXNativeTarget;
			buildConfigurationList = A51D6A592B83DE8200E44E19 /* Build configuration list for PBXNativeTarget "PullToRefreshSample" */;
			buildPhases = (
				A51D6A472B83DE8000E44E19 /* Sources */,
				A51D6A482B83DE8000E44E19 /* Frameworks */,
				A51D6A492B83DE8000E44E19 /* Resources */,
			);
			buildRules = (
			);
			dependencies = (
			);
			name = PullToRefreshSample;
			packageProductDependencies = (
				A56DF71C2B852C2C00477FBD /* PullToRefreshSwiftUI */,
			);
			productName = PullToRefreshSample;
			productReference = A51D6A4B2B83DE8000E44E19 /* PullToRefreshSample.app */;
			productType = "com.apple.product-type.application";
		};
/* End PBXNativeTarget section */

/* Begin PBXProject section */
		A51D6A432B83DE8000E44E19 /* Project object */ = {
			isa = PBXProject;
			attributes = {
				BuildIndependentTargetsInParallel = 1;
				LastSwiftUpdateCheck = 1520;
				LastUpgradeCheck = 1520;
				TargetAttributes = {
					A51D6A4A2B83DE8000E44E19 = {
						CreatedOnToolsVersion = 15.2;
					};
				};
			};
			buildConfigurationList = A51D6A462B83DE8000E44E19 /* Build configuration list for PBXProject "PullToRefreshSample" */;
			compatibilityVersion = "Xcode 14.0";
			developmentRegion = en;
			hasScannedForEncodings = 0;
			knownRegions = (
				en,
				Base,
			);
			mainGroup = A51D6A422B83DE8000E44E19;
			productRefGroup = A51D6A4C2B83DE8000E44E19 /* Products */;
			projectDirPath = "";
			projectRoot = "";
			targets = (
				A51D6A4A2B83DE8000E44E19 /* PullToRefreshSample */,
			);
		};
/* End PBXProject section */

/* Begin PBXResourcesBuildPhase section */
		A51D6A492B83DE8000E44E19 /* Resources */ = {
			isa = PBXResourcesBuildPhase;
			buildActionMask = 2147483647;
			files = (
				A51D6A622B83E0E800E44E19 /* Preview Assets.xcassets in Resources */,
				A5DD89662B8867C600EF70A5 /* animation-pulling-shakuro_logo.json in Resources */,
				A5DD89652B8867C600EF70A5 /* animation-refreshing-shakuro_logo.json in Resources */,
				A51D6A612B83E0E800E44E19 /* Assets.xcassets in Resources */,
			);
			runOnlyForDeploymentPostprocessing = 0;
		};
/* End PBXResourcesBuildPhase section */

/* Begin PBXSourcesBuildPhase section */
		A51D6A472B83DE8000E44E19 /* Sources */ = {
			isa = PBXSourcesBuildPhase;
			buildActionMask = 2147483647;
			files = (
				A54348322B84672600D1DDB0 /* ContentView.swift in Sources */,
				A5BA6BAD2B870CEE00DAE39C /* ScrollContentView.swift in Sources */,
				A5BA6BAF2B870D0100DAE39C /* ListContentView.swift in Sources */,
				A51D6A4F2B83DE8000E44E19 /* PullToRefreshSampleApp.swift in Sources */,
			);
			runOnlyForDeploymentPostprocessing = 0;
		};
/* End PBXSourcesBuildPhase section */

/* Begin XCBuildConfiguration section */
		A51D6A572B83DE8200E44E19 /* Debug */ = {
			isa = XCBuildConfiguration;
			buildSettings = {
				ALWAYS_SEARCH_USER_PATHS = NO;
				ASSETCATALOG_COMPILER_GENERATE_SWIFT_ASSET_SYMBOL_EXTENSIONS = YES;
				CLANG_ANALYZER_NONNULL = YES;
				CLANG_ANALYZER_NUMBER_OBJECT_CONVERSION = YES_AGGRESSIVE;
				CLANG_CXX_LANGUAGE_STANDARD = "gnu++20";
				CLANG_ENABLE_MODULES = YES;
				CLANG_ENABLE_OBJC_ARC = YES;
				CLANG_ENABLE_OBJC_WEAK = YES;
				CLANG_WARN_BLOCK_CAPTURE_AUTORELEASING = YES;
				CLANG_WARN_BOOL_CONVERSION = YES;
				CLANG_WARN_COMMA = YES;
				CLANG_WARN_CONSTANT_CONVERSION = YES;
				CLANG_WARN_DEPRECATED_OBJC_IMPLEMENTATIONS = YES;
				CLANG_WARN_DIRECT_OBJC_ISA_USAGE = YES_ERROR;
				CLANG_WARN_DOCUMENTATION_COMMENTS = YES;
				CLANG_WARN_EMPTY_BODY = YES;
				CLANG_WARN_ENUM_CONVERSION = YES;
				CLANG_WARN_INFINITE_RECURSION = YES;
				CLANG_WARN_INT_CONVERSION = YES;
				CLANG_WARN_NON_LITERAL_NULL_CONVERSION = YES;
				CLANG_WARN_OBJC_IMPLICIT_RETAIN_SELF = YES;
				CLANG_WARN_OBJC_LITERAL_CONVERSION = YES;
				CLANG_WARN_OBJC_ROOT_CLASS = YES_ERROR;
				CLANG_WARN_QUOTED_INCLUDE_IN_FRAMEWORK_HEADER = YES;
				CLANG_WARN_RANGE_LOOP_ANALYSIS = YES;
				CLANG_WARN_STRICT_PROTOTYPES = YES;
				CLANG_WARN_SUSPICIOUS_MOVE = YES;
				CLANG_WARN_UNGUARDED_AVAILABILITY = YES_AGGRESSIVE;
				CLANG_WARN_UNREACHABLE_CODE = YES;
				CLANG_WARN__DUPLICATE_METHOD_MATCH = YES;
				COPY_PHASE_STRIP = NO;
				DEBUG_INFORMATION_FORMAT = dwarf;
				ENABLE_STRICT_OBJC_MSGSEND = YES;
				ENABLE_TESTABILITY = YES;
				ENABLE_USER_SCRIPT_SANDBOXING = YES;
				GCC_C_LANGUAGE_STANDARD = gnu17;
				GCC_DYNAMIC_NO_PIC = NO;
				GCC_NO_COMMON_BLOCKS = YES;
				GCC_OPTIMIZATION_LEVEL = 0;
				GCC_PREPROCESSOR_DEFINITIONS = (
					"DEBUG=1",
					"$(inherited)",
				);
				GCC_WARN_64_TO_32_BIT_CONVERSION = YES;
				GCC_WARN_ABOUT_RETURN_TYPE = YES_ERROR;
				GCC_WARN_UNDECLARED_SELECTOR = YES;
				GCC_WARN_UNINITIALIZED_AUTOS = YES_AGGRESSIVE;
				GCC_WARN_UNUSED_FUNCTION = YES;
				GCC_WARN_UNUSED_VARIABLE = YES;
				IPHONEOS_DEPLOYMENT_TARGET = 17.2;
				LOCALIZATION_PREFERS_STRING_CATALOGS = YES;
				MTL_ENABLE_DEBUG_INFO = INCLUDE_SOURCE;
				MTL_FAST_MATH = YES;
				ONLY_ACTIVE_ARCH = YES;
				SDKROOT = iphoneos;
				SWIFT_ACTIVE_COMPILATION_CONDITIONS = "DEBUG $(inherited)";
				SWIFT_OPTIMIZATION_LEVEL = "-Onone";
			};
			name = Debug;
		};
		A51D6A582B83DE8200E44E19 /* Release */ = {
			isa = XCBuildConfiguration;
			buildSettings = {
				ALWAYS_SEARCH_USER_PATHS = NO;
				ASSETCATALOG_COMPILER_GENERATE_SWIFT_ASSET_SYMBOL_EXTENSIONS = YES;
				CLANG_ANALYZER_NONNULL = YES;
				CLANG_ANALYZER_NUMBER_OBJECT_CONVERSION = YES_AGGRESSIVE;
				CLANG_CXX_LANGUAGE_STANDARD = "gnu++20";
				CLANG_ENABLE_MODULES = YES;
				CLANG_ENABLE_OBJC_ARC = YES;
				CLANG_ENABLE_OBJC_WEAK = YES;
				CLANG_WARN_BLOCK_CAPTURE_AUTORELEASING = YES;
				CLANG_WARN_BOOL_CONVERSION = YES;
				CLANG_WARN_COMMA = YES;
				CLANG_WARN_CONSTANT_CONVERSION = YES;
				CLANG_WARN_DEPRECATED_OBJC_IMPLEMENTATIONS = YES;
				CLANG_WARN_DIRECT_OBJC_ISA_USAGE = YES_ERROR;
				CLANG_WARN_DOCUMENTATION_COMMENTS = YES;
				CLANG_WARN_EMPTY_BODY = YES;
				CLANG_WARN_ENUM_CONVERSION = YES;
				CLANG_WARN_INFINITE_RECURSION = YES;
				CLANG_WARN_INT_CONVERSION = YES;
				CLANG_WARN_NON_LITERAL_NULL_CONVERSION = YES;
				CLANG_WARN_OBJC_IMPLICIT_RETAIN_SELF = YES;
				CLANG_WARN_OBJC_LITERAL_CONVERSION = YES;
				CLANG_WARN_OBJC_ROOT_CLASS = YES_ERROR;
				CLANG_WARN_QUOTED_INCLUDE_IN_FRAMEWORK_HEADER = YES;
				CLANG_WARN_RANGE_LOOP_ANALYSIS = YES;
				CLANG_WARN_STRICT_PROTOTYPES = YES;
				CLANG_WARN_SUSPICIOUS_MOVE = YES;
				CLANG_WARN_UNGUARDED_AVAILABILITY = YES_AGGRESSIVE;
				CLANG_WARN_UNREACHABLE_CODE = YES;
				CLANG_WARN__DUPLICATE_METHOD_MATCH = YES;
				COPY_PHASE_STRIP = NO;
				DEBUG_INFORMATION_FORMAT = "dwarf-with-dsym";
				ENABLE_NS_ASSERTIONS = NO;
				ENABLE_STRICT_OBJC_MSGSEND = YES;
				ENABLE_USER_SCRIPT_SANDBOXING = YES;
				GCC_C_LANGUAGE_STANDARD = gnu17;
				GCC_NO_COMMON_BLOCKS = YES;
				GCC_WARN_64_TO_32_BIT_CONVERSION = YES;
				GCC_WARN_ABOUT_RETURN_TYPE = YES_ERROR;
				GCC_WARN_UNDECLARED_SELECTOR = YES;
				GCC_WARN_UNINITIALIZED_AUTOS = YES_AGGRESSIVE;
				GCC_WARN_UNUSED_FUNCTION = YES;
				GCC_WARN_UNUSED_VARIABLE = YES;
				IPHONEOS_DEPLOYMENT_TARGET = 17.2;
				LOCALIZATION_PREFERS_STRING_CATALOGS = YES;
				MTL_ENABLE_DEBUG_INFO = NO;
				MTL_FAST_MATH = YES;
				SDKROOT = iphoneos;
				SWIFT_COMPILATION_MODE = wholemodule;
				VALIDATE_PRODUCT = YES;
			};
			name = Release;
		};
		A51D6A5A2B83DE8200E44E19 /* Debug */ = {
			isa = XCBuildConfiguration;
			buildSettings = {
				ASSETCATALOG_COMPILER_APPICON_NAME = AppIcon;
				ASSETCATALOG_COMPILER_GLOBAL_ACCENT_COLOR_NAME = AccentColor;
				CODE_SIGN_STYLE = Automatic;
				CURRENT_PROJECT_VERSION = 1;
				DEVELOPMENT_ASSET_PATHS = "PullToRefreshSampleiOS/Resources/Preview\\ Content";
				ENABLE_PREVIEWS = YES;
				GENERATE_INFOPLIST_FILE = YES;
				INFOPLIST_KEY_UIApplicationSceneManifest_Generation = YES;
				INFOPLIST_KEY_UIApplicationSupportsIndirectInputEvents = YES;
				INFOPLIST_KEY_UILaunchScreen_Generation = YES;
				INFOPLIST_KEY_UISupportedInterfaceOrientations_iPad = "UIInterfaceOrientationPortrait UIInterfaceOrientationPortraitUpsideDown UIInterfaceOrientationLandscapeLeft UIInterfaceOrientationLandscapeRight";
				INFOPLIST_KEY_UISupportedInterfaceOrientations_iPhone = "UIInterfaceOrientationPortrait UIInterfaceOrientationLandscapeLeft UIInterfaceOrientationLandscapeRight";
				IPHONEOS_DEPLOYMENT_TARGET = 17.0;
				LD_RUNPATH_SEARCH_PATHS = (
					"$(inherited)",
					"@executable_path/Frameworks",
				);
				MARKETING_VERSION = 1.0;
				PRODUCT_BUNDLE_IDENTIFIER = Shakuro.PullToRefreshSample;
				PRODUCT_NAME = "$(TARGET_NAME)";
				SWIFT_EMIT_LOC_STRINGS = YES;
				SWIFT_VERSION = 5.0;
				TARGETED_DEVICE_FAMILY = "1,2";
			};
			name = Debug;
		};
		A51D6A5B2B83DE8200E44E19 /* Release */ = {
			isa = XCBuildConfiguration;
			buildSettings = {
				ASSETCATALOG_COMPILER_APPICON_NAME = AppIcon;
				ASSETCATALOG_COMPILER_GLOBAL_ACCENT_COLOR_NAME = AccentColor;
				CODE_SIGN_STYLE = Automatic;
				CURRENT_PROJECT_VERSION = 1;
				DEVELOPMENT_ASSET_PATHS = "PullToRefreshSampleiOS/Resources/Preview\\ Content";
				ENABLE_PREVIEWS = YES;
				GENERATE_INFOPLIST_FILE = YES;
				INFOPLIST_KEY_UIApplicationSceneManifest_Generation = YES;
				INFOPLIST_KEY_UIApplicationSupportsIndirectInputEvents = YES;
				INFOPLIST_KEY_UILaunchScreen_Generation = YES;
				INFOPLIST_KEY_UISupportedInterfaceOrientations_iPad = "UIInterfaceOrientationPortrait UIInterfaceOrientationPortraitUpsideDown UIInterfaceOrientationLandscapeLeft UIInterfaceOrientationLandscapeRight";
				INFOPLIST_KEY_UISupportedInterfaceOrientations_iPhone = "UIInterfaceOrientationPortrait UIInterfaceOrientationLandscapeLeft UIInterfaceOrientationLandscapeRight";
				IPHONEOS_DEPLOYMENT_TARGET = 17.0;
				LD_RUNPATH_SEARCH_PATHS = (
					"$(inherited)",
					"@executable_path/Frameworks",
				);
				MARKETING_VERSION = 1.0;
				PRODUCT_BUNDLE_IDENTIFIER = Shakuro.PullToRefreshSample;
				PRODUCT_NAME = "$(TARGET_NAME)";
				SWIFT_EMIT_LOC_STRINGS = YES;
				SWIFT_VERSION = 5.0;
				TARGETED_DEVICE_FAMILY = "1,2";
			};
			name = Release;
		};
/* End XCBuildConfiguration section */

/* Begin XCConfigurationList section */
		A51D6A462B83DE8000E44E19 /* Build configuration list for PBXProject "PullToRefreshSample" */ = {
			isa = XCConfigurationList;
			buildConfigurations = (
				A51D6A572B83DE8200E44E19 /* Debug */,
				A51D6A582B83DE8200E44E19 /* Release */,
			);
			defaultConfigurationIsVisible = 0;
			defaultConfigurationName = Release;
		};
		A51D6A592B83DE8200E44E19 /* Build configuration list for PBXNativeTarget "PullToRefreshSample" */ = {
			isa = XCConfigurationList;
			buildConfigurations = (
				A51D6A5A2B83DE8200E44E19 /* Debug */,
				A51D6A5B2B83DE8200E44E19 /* Release */,
			);
			defaultConfigurationIsVisible = 0;
			defaultConfigurationName = Release;
		};
/* End XCConfigurationList section */

/* Begin XCSwiftPackageProductDependency section */
		A56DF71C2B852C2C00477FBD /* PullToRefreshSwiftUI */ = {
			isa = XCSwiftPackageProductDependency;
			productName = PullToRefreshSwiftUI;
		};
/* End XCSwiftPackageProductDependency section */
	};
	rootObject = A51D6A432B83DE8000E44E19 /* Project object */;
}
